
Microsoft Visual Studio Solution File, Format Version 12.00
# Visual Studio Version 17
VisualStudioVersion = 17.1.32228.430
MinimumVisualStudioVersion = 10.0.40219.1
Project("{FAE04EC0-301F-11D3-BF4B-00C04F79EFBC}") = "TestTask", "TestTask\TestTask.csproj", "{ED3DB3EE-EADF-4280-97F0-C89089717ADD}"
EndProject
Project("{FAE04EC0-301F-11D3-BF4B-00C04F79EFBC}") = "TestTask.Domain", "TestTask.Domain\TestTask.Domain.csproj", "{212ECD16-82D4-4CDB-BBDB-E1C2D5B43712}"
EndProject
Project("{FAE04EC0-301F-11D3-BF4B-00C04F79EFBC}") = "TestTask.Infrastructure", "TestTask.Infrastructure\TestTask.Infrastructure.csproj", "{AD564C83-DB1B-41EA-B788-ACCA8698AAF8}"
EndProject
Project("{FAE04EC0-301F-11D3-BF4B-00C04F79EFBC}") = "TestTask.Application", "TestTask.Application\TestTask.Application.csproj", "{30A82A70-423C-4462-97E6-673FFCDAE542}"
EndProject
Global
	GlobalSection(SolutionConfigurationPlatforms) = preSolution
		Debug|Any CPU = Debug|Any CPU
		Release|Any CPU = Release|Any CPU
	EndGlobalSection
	GlobalSection(ProjectConfigurationPlatforms) = postSolution
		{ED3DB3EE-EADF-4280-97F0-C89089717ADD}.Debug|Any CPU.ActiveCfg = Debug|Any CPU
		{ED3DB3EE-EADF-4280-97F0-C89089717ADD}.Debug|Any CPU.Build.0 = Debug|Any CPU
		{ED3DB3EE-EADF-4280-97F0-C89089717ADD}.Release|Any CPU.ActiveCfg = Release|Any CPU
		{ED3DB3EE-EADF-4280-97F0-C89089717ADD}.Release|Any CPU.Build.0 = Release|Any CPU
		{212ECD16-82D4-4CDB-BBDB-E1C2D5B43712}.Debug|Any CPU.ActiveCfg = Debug|Any CPU
		{212ECD16-82D4-4CDB-BBDB-E1C2D5B43712}.Debug|Any CPU.Build.0 = Debug|Any CPU
		{212ECD16-82D4-4CDB-BBDB-E1C2D5B43712}.Release|Any CPU.ActiveCfg = Release|Any CPU
		{212ECD16-82D4-4CDB-BBDB-E1C2D5B43712}.Release|Any CPU.Build.0 = Release|Any CPU
		{AD564C83-DB1B-41EA-B788-ACCA8698AAF8}.Debug|Any CPU.ActiveCfg = Debug|Any CPU
		{AD564C83-DB1B-41EA-B788-ACCA8698AAF8}.Debug|Any CPU.Build.0 = Debug|Any CPU
		{AD564C83-DB1B-41EA-B788-ACCA8698AAF8}.Release|Any CPU.ActiveCfg = Release|Any CPU
		{AD564C83-DB1B-41EA-B788-ACCA8698AAF8}.Release|Any CPU.Build.0 = Release|Any CPU
		{30A82A70-423C-4462-97E6-673FFCDAE542}.Debug|Any CPU.ActiveCfg = Debug|Any CPU
		{30A82A70-423C-4462-97E6-673FFCDAE542}.Debug|Any CPU.Build.0 = Debug|Any CPU
		{30A82A70-423C-4462-97E6-673FFCDAE542}.Release|Any CPU.ActiveCfg = Release|Any CPU
		{30A82A70-423C-4462-97E6-673FFCDAE542}.Release|Any CPU.Build.0 = Release|Any CPU
	EndGlobalSection
	GlobalSection(SolutionProperties) = preSolution
		HideSolutionNode = FALSE
	EndGlobalSection
	GlobalSection(ExtensibilityGlobals) = postSolution
		SolutionGuid = {EA6100C1-971F-46F5-B25D-75E8B2DDB802}
	EndGlobalSection
EndGlobal
